{
    "_meta": {
        "hash": {
            "sha256": "9a48ade6fc97a18b7d79f8fd3f57ceff2b43402585d42a81dd60426a86d6b793"
        },
        "pipfile-spec": 6,
        "requires": {
            "python_version": "3.10"
        },
        "sources": [
            {
                "name": "pypi",
                "url": "https://pypi.org/simple",
                "verify_ssl": true
            }
        ]
    },
    "default": {
        "asgiref": {
            "hashes": [
                "sha256:89b2ef2247e3b562a16eef663bc0e2e703ec6468e2fa8a5cd61cd449786d4f6e",
                "sha256:9e0ce3aa93a819ba5b45120216b23878cf6e8525eb3848653452b4192b92afed"
            ],
            "markers": "python_version >= '3.7'",
            "version": "==3.7.2"
        },
        "django": {
            "hashes": [
                "sha256:8e0f1c2c2786b5c0e39fe1afce24c926040fad47c8ea8ad30aaf1188df29fc41",
                "sha256:e1d37c51ad26186de355cbcec16613ebdabfa9689bbade9c538835205a8abbe9"
            ],
            "index": "pypi",
            "version": "==4.2.7"
        },
        "django-modeltranslation": {
            "hashes": [
                "sha256:81b68e4dc806a3b779ac88babe1cbd99d5318d374a43b3737a65fb0f4c1cffe8",
                "sha256:a6e2c459e3b31852287d030bc6e29fa28576db97455dccd399fe08ac8e9223b9"
            ],
            "index": "pypi",
            "version": "==0.18.11"
        },
        "django-parler": {
            "hashes": [
                "sha256:2c8f5012ceb5e49af93b16ea3fe4d0c83d70b91b2d0f470c05d7d742b6f3083d",
                "sha256:8f6c8061e4b5690f1ee2d8e5760940ef06bf78a5bfa033d11178377559c749cf"
            ],
            "index": "pypi",
            "version": "==2.3"
        },
        "django-translated-fields": {
            "hashes": [
                "sha256:b3f7a6de894863ae71e872392dd8901a3a44fe45c5c50c5ab3445f6b3aa612a6",
                "sha256:dad3f3d67dae188c57953a9a1104c9c523b2e69d853fd77f329ccee601ef3da3"
            ],
            "index": "pypi",
            "version": "==0.12.0"
        },
        "django-translations": {
            "hashes": [
                "sha256:e9e810786555edb6a832f9c6f46db28529bf60593a1d142a0717576f114c55b3",
                "sha256:fc6018c956adfcc75dc4bfc767003e9c00b0b4617003ee4d68f3f57e9c317ed6"
            ],
            "index": "pypi",
            "version": "==1.3.0"
        },
        "sqlparse": {
            "hashes": [
                "sha256:5430a4fe2ac7d0f93e66f1efc6e1338a41884b7ddf2a350cedd20ccc4d9d28f3",
                "sha256:d446183e84b8349fa3061f0fe7f06ca94ba65b426946ffebe6e3e8295332420c"
            ],
            "markers": "python_version >= '3.5'",
            "version": "==0.4.4"
        },
        "typing-extensions": {
            "hashes": [
                "sha256:8f92fc8806f9a6b641eaa5318da32b44d401efaac0f6678c9bc448ba3605faa0",
                "sha256:df8e4339e9cb77357558cbdbceca33c303714cf861d1eef15e1070055ae8b7ef"
            ],
            "markers": "python_version >= '3.8'",
            "version": "==4.8.0"
        },
        "tzdata": {
            "hashes": [
                "sha256:11ef1e08e54acb0d4f95bdb1be05da659673de4acbd21bf9c69e94cc5e907a3a",
                "sha256:7e65763eef3120314099b6939b5546db7adce1e7d6f2e179e3df563c70511eda"
            ],
            "markers": "sys_platform == 'win32'",
            "version": "==2023.3"
        }
    },
    "develop": {}
}
